{
    "_meta": {
        "hash": {
            "sha256": "748a493a4e183daa791760b3339c5333dcd5653e069fabc6e2a7c495922e45f8"
        },
        "pipfile-spec": 6,
        "requires": {
            "python_version": "3.14"
        },
        "sources": [
            {
                "name": "pypi",
                "url": "https://pypi.org/simple",
                "verify_ssl": true
            }
        ]
    },
    "default": {
        "pip": {
            "hashes": [
                "sha256:71138adf1f4ca900cdb7d289c21b7494329f2332b6d85f0e1c42108c0384ed3e",
                "sha256:f6ad667e89a1fe78046c8f13232b247200f5258d7828f3f7883d660878e0813f"
            ],
            "index": "pypi",
            "markers": "python_version >= '3.10'",
            "version": "==26.2.1"
        }
    },
    "develop": {}
}
